
Microsoft Visual Studio Solution File, Format Version 12.00
# Visual Studio 15
VisualStudioVersion = 15.0.27130.2010
MinimumVisualStudioVersion = 10.0.40219.1
Project("{8BC9CEB8-8B4A-11D0-8D11-00A0C91BC942}") = "winapi_homework6_2_15-puzzle", "winapi_homework6_2_15-puzzle\winapi_homework6_2_15-puzzle.vcxproj", "{F995C896-00F1-4DCD-AEB4-4C4840A8CCD6}"
EndProject
Global
	GlobalSection(SolutionConfigurationPlatforms) = preSolution
		Debug|x64 = Debug|x64
		Debug|x86 = Debug|x86
		Release|x64 = Release|x64
		Release|x86 = Release|x86
	EndGlobalSection
	GlobalSection(ProjectConfigurationPlatforms) = postSolution
		{F995C896-00F1-4DCD-AEB4-4C4840A8CCD6}.Debug|x64.ActiveCfg = Debug|x64
		{F995C896-00F1-4DCD-AEB4-4C4840A8CCD6}.Debug|x64.Build.0 = Debug|x64
		{F995C896-00F1-4DCD-AEB4-4C4840A8CCD6}.Debug|x86.ActiveCfg = Debug|Win32
		{F995C896-00F1-4DCD-AEB4-4C4840A8CCD6}.Debug|x86.Build.0 = Debug|Win32
		{F995C896-00F1-4DCD-AEB4-4C4840A8CCD6}.Release|x64.ActiveCfg = Release|x64
		{F995C896-00F1-4DCD-AEB4-4C4840A8CCD6}.Release|x64.Build.0 = Release|x64
		{F995C896-00F1-4DCD-AEB4-4C4840A8CCD6}.Release|x86.ActiveCfg = Release|Win32
		{F995C896-00F1-4DCD-AEB4-4C4840A8CCD6}.Release|x86.Build.0 = Release|Win32
	EndGlobalSection
	GlobalSection(SolutionProperties) = preSolution
		HideSolutionNode = FALSE
	EndGlobalSection
	GlobalSection(ExtensibilityGlobals) = postSolution
		SolutionGuid = {F99626E6-7B38-42A3-A7F5-64FB7EC561AD}
	EndGlobalSection
EndGlobal
